{
    "_meta": {
        "hash": {
            "sha256": "019d751582c3a6c4f6ce6fe2bb725717bf90fdd2163f0535d3530e5e2cc7f2ee"
        },
        "pipfile-spec": 6,
        "requires": {
            "python_version": "3.8"
        },
        "sources": [
            {
                "name": "pypi",
                "url": "https://pypi.org/simple",
                "verify_ssl": true
            }
        ]
    },
    "default": {
        "aws-assume-role-lib": {
            "hashes": [
                "sha256:1087b822991705959b779ac0283fd3e40926a6294d09b5bcc4f407823fb87225",
                "sha256:b7ef8772bf409db9c76a1a7793a9ae56707fa87662e77c2c5412ab99316c6328"
            ],
            "index": "pypi",
            "version": "==2.8.0"
        },
        "aws-error-utils": {
            "hashes": [
                "sha256:164f2a5bdd69c4cecc647d6e080c21243472c44c4d3caba15908f69d7fcfe16b",
                "sha256:9c12ea848e283f06ef46fe4205bc60bc2ce3635b5d50418c1cbdbf666d4ebcfb"
            ],
            "index": "pypi",
            "version": "==1.2.0"
        },
        "boto3": {
            "hashes": [
                "sha256:5c4ba83223465e25b4e0262b286c306920dde8fe0634566f8251b609125ab837",
                "sha256:f04a2d07b2c25135f302a40819be02ef74599829fab0f16126da4f2ff7df91f9"
            ],
            "markers": "python_version >= '3.6'",
            "version": "==1.18.40"
        },
        "botocore": {
            "hashes": [
                "sha256:95efb127e9149f7a6b12b116cb1e65c11e36bf6d588ac877b2b51a3c9bbcf22a",
                "sha256:b31aa5060d54097b519a62ced4b8a69439ceecccc65cac089130cb5bae810b83"
            ],
            "markers": "python_version >= '3.6'",
            "version": "==1.21.40"
        },
        "jmespath": {
            "hashes": [
                "sha256:b85d0567b8666149a93172712e68920734333c0ce7e89b78b3e987f71e5ed4f9",
                "sha256:cdf6525904cc597730141d61b36f2e4b8ecc257c420fa2f4549bac2c2d0cb72f"
            ],
            "markers": "python_version >= '2.6' and python_version not in '3.0, 3.1, 3.2, 3.3'",
            "version": "==0.10.0"
        },
        "python-dateutil": {
            "hashes": [
                "sha256:0123cacc1627ae19ddf3c27a5de5bd67ee4586fbdd6440d9748f8abb483d3e86",
                "sha256:961d03dc3453ebbc59dbdea9e4e11c5651520a876d0f4db161e8674aae935da9"
            ],
            "markers": "python_version >= '2.7' and python_version not in '3.0, 3.1, 3.2, 3.3'",
            "version": "==2.8.2"
        },
        "s3transfer": {
            "hashes": [
                "sha256:50ed823e1dc5868ad40c8dc92072f757aa0e653a192845c94a3b676f4a62da4c",
                "sha256:9c1dc369814391a6bda20ebbf4b70a0f34630592c9aa520856bf384916af2803"
            ],
            "markers": "python_version >= '3.6'",
            "version": "==0.5.0"
        },
        "six": {
            "hashes": [
                "sha256:1e61c37477a1626458e36f7b1d82aa5c9b094fa4802892072e49de9c60c4c926",
                "sha256:8abb2f1d86890a2dfb989f9a77cfcfd3e47c2a354b01111771326f8aa26e0254"
            ],
            "markers": "python_version >= '2.7' and python_version not in '3.0, 3.1, 3.2, 3.3'",
            "version": "==1.16.0"
        },
        "urllib3": {
            "hashes": [
                "sha256:39fb8672126159acb139a7718dd10806104dec1e2f0f6c88aab05d17df10c8d4",
                "sha256:f57b4c16c62fa2760b7e3d97c35b255512fb6b59a259730f36ba32ce9f8e342f"
            ],
            "markers": "python_version >= '2.7' and python_version not in '3.0, 3.1, 3.2, 3.3, 3.4' and python_version < '4.0'",
            "version": "==1.26.6"
        }
    },
    "develop": {}
}
